// !$*UTF8*$!
{
	archiveVersion = 1;
	classes = {
	};
	objectVersion = 50;
	objects = {

/* Begin PBXBuildFile section */
		A808E135264CAF35009381C3 /* WidgetBundleSampleApp.swift in Sources */ = {isa = PBXBuildFile; fileRef = A808E134264CAF35009381C3 /* WidgetBundleSampleApp.swift */; };
		A808E137264CAF35009381C3 /* ContentView.swift in Sources */ = {isa = PBXBuildFile; fileRef = A808E136264CAF35009381C3 /* ContentView.swift */; };
		A808E139264CAF36009381C3 /* Assets.xcassets in Resources */ = {isa = PBXBuildFile; fileRef = A808E138264CAF36009381C3 /* Assets.xcassets */; };
		A808E13C264CAF36009381C3 /* Preview Assets.xcassets in Resources */ = {isa = PBXBuildFile; fileRef = A808E13B264CAF36009381C3 /* Preview Assets.xcassets */; };
		A808E172264CB04D009381C3 /* WidgetKit.framework in Frameworks */ = {isa = PBXBuildFile; fileRef = A808E149264CAF83009381C3 /* WidgetKit.framework */; };
		A808E173264CB04D009381C3 /* SwiftUI.framework in Frameworks */ = {isa = PBXBuildFile; fileRef = A808E14B264CAF83009381C3 /* SwiftUI.framework */; };
		A808E176264CB04D009381C3 /* MyWidget.swift in Sources */ = {isa = PBXBuildFile; fileRef = A808E175264CB04D009381C3 /* MyWidget.swift */; };
		A808E178264CB04E009381C3 /* Assets.xcassets in Resources */ = {isa = PBXBuildFile; fileRef = A808E177264CB04E009381C3 /* Assets.xcassets */; };
		A808E17C264CB04E009381C3 /* MyWidgetExtension.appex in Embed App Extensions */ = {isa = PBXBuildFile; fileRef = A808E171264CB04D009381C3 /* MyWidgetExtension.appex */; settings = {ATTRIBUTES = (RemoveHeadersOnCopy, ); }; };
		A808E183264CBDE4009381C3 /* SimpleEntry.swift in Sources */ = {isa = PBXBuildFile; fileRef = A808E182264CBDE4009381C3 /* SimpleEntry.swift */; };
		A808E184264CBDE8009381C3 /* FirstWidget.swift in Sources */ = {isa = PBXBuildFile; fileRef = A808E180264CBD38009381C3 /* FirstWidget.swift */; };
		A808E186264CBE2E009381C3 /* SecondWidget.swift in Sources */ = {isa = PBXBuildFile; fileRef = A808E185264CBE2E009381C3 /* SecondWidget.swift */; };
/* End PBXBuildFile section */

/* Begin PBXContainerItemProxy section */
		A808E17A264CB04E009381C3 /* PBXContainerItemProxy */ = {
			isa = PBXContainerItemProxy;
			containerPortal = A808E129264CAF35009381C3 /* Project object */;
			proxyType = 1;
			remoteGlobalIDString = A808E170264CB04D009381C3;
			remoteInfo = MyWidgetExtension;
		};
/* End PBXContainerItemProxy section */

/* Begin PBXCopyFilesBuildPhase section */
		A808E159264CAF84009381C3 /* Embed App Extensions */ = {
			isa = PBXCopyFilesBuildPhase;
			buildActionMask = 2147483647;
			dstPath = "";
			dstSubfolderSpec = 13;
			files = (
				A808E17C264CB04E009381C3 /* MyWidgetExtension.appex in Embed App Extensions */,
			);
			name = "Embed App Extensions";
			runOnlyForDeploymentPostprocessing = 0;
		};
/* End PBXCopyFilesBuildPhase section */

/* Begin PBXFileReference section */
		A808E131264CAF35009381C3 /* WidgetBundleSample.app */ = {isa = PBXFileReference; explicitFileType = wrapper.application; includeInIndex = 0; path = WidgetBundleSample.app; sourceTree = BUILT_PRODUCTS_DIR; };
		A808E134264CAF35009381C3 /* WidgetBundleSampleApp.swift */ = {isa = PBXFileReference; lastKnownFileType = sourcecode.swift; path = WidgetBundleSampleApp.swift; sourceTree = "<group>"; };
		A808E136264CAF35009381C3 /* ContentView.swift */ = {isa = PBXFileReference; lastKnownFileType = sourcecode.swift; path = ContentView.swift; sourceTree = "<group>"; };
		A808E138264CAF36009381C3 /* Assets.xcassets */ = {isa = PBXFileReference; lastKnownFileType = folder.assetcatalog; path = Assets.xcassets; sourceTree = "<group>"; };
		A808E13B264CAF36009381C3 /* Preview Assets.xcassets */ = {isa = PBXFileReference; lastKnownFileType = folder.assetcatalog; path = "Preview Assets.xcassets"; sourceTree = "<group>"; };
		A808E13D264CAF36009381C3 /* Info.plist */ = {isa = PBXFileReference; lastKnownFileType = text.plist.xml; path = Info.plist; sourceTree = "<group>"; };
		A808E149264CAF83009381C3 /* WidgetKit.framework */ = {isa = PBXFileReference; lastKnownFileType = wrapper.framework; name = WidgetKit.framework; path = System/Library/Frameworks/WidgetKit.framework; sourceTree = SDKROOT; };
		A808E14B264CAF83009381C3 /* SwiftUI.framework */ = {isa = PBXFileReference; lastKnownFileType = wrapper.framework; name = SwiftUI.framework; path = System/Library/Frameworks/SwiftUI.framework; sourceTree = SDKROOT; };
		A808E171264CB04D009381C3 /* MyWidgetExtension.appex */ = {isa = PBXFileReference; explicitFileType = "wrapper.app-extension"; includeInIndex = 0; path = MyWidgetExtension.appex; sourceTree = BUILT_PRODUCTS_DIR; };
		A808E175264CB04D009381C3 /* MyWidget.swift */ = {isa = PBXFileReference; lastKnownFileType = sourcecode.swift; path = MyWidget.swift; sourceTree = "<group>"; };
		A808E177264CB04E009381C3 /* Assets.xcassets */ = {isa = PBXFileReference; lastKnownFileType = folder.assetcatalog; path = Assets.xcassets; sourceTree = "<group>"; };
		A808E179264CB04E009381C3 /* Info.plist */ = {isa = PBXFileReference; lastKnownFileType = text.plist.xml; path = Info.plist; sourceTree = "<group>"; };
		A808E180264CBD38009381C3 /* FirstWidget.swift */ = {isa = PBXFileReference; lastKnownFileType = sourcecode.swift; path = FirstWidget.swift; sourceTree = "<group>"; };
		A808E182264CBDE4009381C3 /* SimpleEntry.swift */ = {isa = PBXFileReference; lastKnownFileType = sourcecode.swift; path = SimpleEntry.swift; sourceTree = "<group>"; };
		A808E185264CBE2E009381C3 /* SecondWidget.swift */ = {isa = PBXFileReference; lastKnownFileType = sourcecode.swift; path = SecondWidget.swift; sourceTree = "<group>"; };
/* End PBXFileReference section */

/* Begin PBXFrameworksBuildPhase section */
		A808E12E264CAF35009381C3 /* Frameworks */ = {
			isa = PBXFrameworksBuildPhase;
			buildActionMask = 2147483647;
			files = (
			);
			runOnlyForDeploymentPostprocessing = 0;
		};
		A808E16E264CB04D009381C3 /* Frameworks */ = {
			isa = PBXFrameworksBuildPhase;
			buildActionMask = 2147483647;
			files = (
				A808E173264CB04D009381C3 /* SwiftUI.framework in Frameworks */,
				A808E172264CB04D009381C3 /* WidgetKit.framework in Frameworks */,
			);
			runOnlyForDeploymentPostprocessing = 0;
		};
/* End PBXFrameworksBuildPhase section */

/* Begin PBXGroup section */
		A808E128264CAF35009381C3 = {
			isa = PBXGroup;
			children = (
				A808E133264CAF35009381C3 /* WidgetBundleSample */,
				A808E174264CB04D009381C3 /* MyWidget */,
				A808E148264CAF83009381C3 /* Frameworks */,
				A808E132264CAF35009381C3 /* Products */,
			);
			sourceTree = "<group>";
		};
		A808E132264CAF35009381C3 /* Products */ = {
			isa = PBXGroup;
			children = (
				A808E131264CAF35009381C3 /* WidgetBundleSample.app */,
				A808E171264CB04D009381C3 /* MyWidgetExtension.appex */,
			);
			name = Products;
			sourceTree = "<group>";
		};
		A808E133264CAF35009381C3 /* WidgetBundleSample */ = {
			isa = PBXGroup;
			children = (
				A808E134264CAF35009381C3 /* WidgetBundleSampleApp.swift */,
				A808E136264CAF35009381C3 /* ContentView.swift */,
				A808E138264CAF36009381C3 /* Assets.xcassets */,
				A808E13D264CAF36009381C3 /* Info.plist */,
				A808E13A264CAF36009381C3 /* Preview Content */,
			);
			path = WidgetBundleSample;
			sourceTree = "<group>";
		};
		A808E13A264CAF36009381C3 /* Preview Content */ = {
			isa = PBXGroup;
			children = (
				A808E13B264CAF36009381C3 /* Preview Assets.xcassets */,
			);
			path = "Preview Content";
			sourceTree = "<group>";
		};
		A808E148264CAF83009381C3 /* Frameworks */ = {
			isa = PBXGroup;
			children = (
				A808E149264CAF83009381C3 /* WidgetKit.framework */,
				A808E14B264CAF83009381C3 /* SwiftUI.framework */,
			);
			name = Frameworks;
			sourceTree = "<group>";
		};
		A808E174264CB04D009381C3 /* MyWidget */ = {
			isa = PBXGroup;
			children = (
				A808E175264CB04D009381C3 /* MyWidget.swift */,
				A808E180264CBD38009381C3 /* FirstWidget.swift */,
				A808E185264CBE2E009381C3 /* SecondWidget.swift */,
				A808E182264CBDE4009381C3 /* SimpleEntry.swift */,
				A808E177264CB04E009381C3 /* Assets.xcassets */,
				A808E179264CB04E009381C3 /* Info.plist */,
			);
			path = MyWidget;
			sourceTree = "<group>";
		};
/* End PBXGroup section */

/* Begin PBXNativeTarget section */
		A808E130264CAF35009381C3 /* WidgetBundleSample */ = {
			isa = PBXNativeTarget;
			buildConfigurationList = A808E140264CAF36009381C3 /* Build configuration list for PBXNativeTarget "WidgetBundleSample" */;
			buildPhases = (
				A808E12D264CAF35009381C3 /* Sources */,
				A808E12E264CAF35009381C3 /* Frameworks */,
				A808E12F264CAF35009381C3 /* Resources */,
				A808E159264CAF84009381C3 /* Embed App Extensions */,
			);
			buildRules = (
			);
			dependencies = (
				A808E17B264CB04E009381C3 /* PBXTargetDependency */,
			);
			name = WidgetBundleSample;
			productName = WidgetBundleSample;
			productReference = A808E131264CAF35009381C3 /* WidgetBundleSample.app */;
			productType = "com.apple.product-type.application";
		};
		A808E170264CB04D009381C3 /* MyWidgetExtension */ = {
			isa = PBXNativeTarget;
			buildConfigurationList = A808E17D264CB04E009381C3 /* Build configuration list for PBXNativeTarget "MyWidgetExtension" */;
			buildPhases = (
				A808E16D264CB04D009381C3 /* Sources */,
				A808E16E264CB04D009381C3 /* Frameworks */,
				A808E16F264CB04D009381C3 /* Resources */,
			);
			buildRules = (
			);
			dependencies = (
			);
			name = MyWidgetExtension;
			productName = MyWidgetExtension;
			productReference = A808E171264CB04D009381C3 /* MyWidgetExtension.appex */;
			productType = "com.apple.product-type.app-extension";
		};
/* End PBXNativeTarget section */

/* Begin PBXProject section */
		A808E129264CAF35009381C3 /* Project object */ = {
			isa = PBXProject;
			attributes = {
				LastSwiftUpdateCheck = 1250;
				LastUpgradeCheck = 1250;
				TargetAttributes = {
					A808E130264CAF35009381C3 = {
						CreatedOnToolsVersion = 12.5;
					};
					A808E170264CB04D009381C3 = {
						CreatedOnToolsVersion = 12.5;
					};
				};
			};
			buildConfigurationList = A808E12C264CAF35009381C3 /* Build configuration list for PBXProject "WidgetBundleSample" */;
			compatibilityVersion = "Xcode 9.3";
			developmentRegion = en;
			hasScannedForEncodings = 0;
			knownRegions = (
				en,
				Base,
			);
			mainGroup = A808E128264CAF35009381C3;
			productRefGroup = A808E132264CAF35009381C3 /* Products */;
			projectDirPath = "";
			projectRoot = "";
			targets = (
				A808E130264CAF35009381C3 /* WidgetBundleSample */,
				A808E170264CB04D009381C3 /* MyWidgetExtension */,
			);
		};
/* End PBXProject section */

/* Begin PBXResourcesBuildPhase section */
		A808E12F264CAF35009381C3 /* Resources */ = {
			isa = PBXResourcesBuildPhase;
			buildActionMask = 2147483647;
			files = (
				A808E13C264CAF36009381C3 /* Preview Assets.xcassets in Resources */,
				A808E139264CAF36009381C3 /* Assets.xcassets in Resources */,
			);
			runOnlyForDeploymentPostprocessing = 0;
		};
		A808E16F264CB04D009381C3 /* Resources */ = {
			isa = PBXResourcesBuildPhase;
			buildActionMask = 2147483647;
			files = (
				A808E178264CB04E009381C3 /* Assets.xcassets in Resources */,
			);
			runOnlyForDeploymentPostprocessing = 0;
		};
/* End PBXResourcesBuildPhase section */

/* Begin PBXSourcesBuildPhase section */
		A808E12D264CAF35009381C3 /* Sources */ = {
			isa = PBXSourcesBuildPhase;
			buildActionMask = 2147483647;
			files = (
				A808E137264CAF35009381C3 /* ContentView.swift in Sources */,
				A808E135264CAF35009381C3 /* WidgetBundleSampleApp.swift in Sources */,
			);
			runOnlyForDeploymentPostprocessing = 0;
		};
		A808E16D264CB04D009381C3 /* Sources */ = {
			isa = PBXSourcesBuildPhase;
			buildActionMask = 2147483647;
			files = (
				A808E184264CBDE8009381C3 /* FirstWidget.swift in Sources */,
				A808E186264CBE2E009381C3 /* SecondWidget.swift in Sources */,
				A808E183264CBDE4009381C3 /* SimpleEntry.swift in Sources */,
				A808E176264CB04D009381C3 /* MyWidget.swift in Sources */,
			);
			runOnlyForDeploymentPostprocessing = 0;
		};
/* End PBXSourcesBuildPhase section */

/* Begin PBXTargetDependency section */
		A808E17B264CB04E009381C3 /* PBXTargetDependency */ = {
			isa = PBXTargetDependency;
			target = A808E170264CB04D009381C3 /* MyWidgetExtension */;
			targetProxy = A808E17A264CB04E009381C3 /* PBXContainerItemProxy */;
		};
/* End PBXTargetDependency section */

/* Begin XCBuildConfiguration section */
		A808E13E264CAF36009381C3 /* Debug */ = {
			isa = XCBuildConfiguration;
			buildSettings = {
				ALWAYS_SEARCH_USER_PATHS = NO;
				CLANG_ANALYZER_NONNULL = YES;
				CLANG_ANALYZER_NUMBER_OBJECT_CONVERSION = YES_AGGRESSIVE;
				CLANG_CXX_LANGUAGE_STANDARD = "gnu++14";
				CLANG_CXX_LIBRARY = "libc++";
				CLANG_ENABLE_MODULES = YES;
				CLANG_ENABLE_OBJC_ARC = YES;
				CLANG_ENABLE_OBJC_WEAK = YES;
				CLANG_WARN_BLOCK_CAPTURE_AUTORELEASING = YES;
				CLANG_WARN_BOOL_CONVERSION = YES;
				CLANG_WARN_COMMA = YES;
				CLANG_WARN_CONSTANT_CONVERSION = YES;
				CLANG_WARN_DEPRECATED_OBJC_IMPLEMENTATIONS = YES;
				CLANG_WARN_DIRECT_OBJC_ISA_USAGE = YES_ERROR;
				CLANG_WARN_DOCUMENTATION_COMMENTS = YES;
				CLANG_WARN_EMPTY_BODY = YES;
				CLANG_WARN_ENUM_CONVERSION = YES;
				CLANG_WARN_INFINITE_RECURSION = YES;
				CLANG_WARN_INT_CONVERSION = YES;
				CLANG_WARN_NON_LITERAL_NULL_CONVERSION = YES;
				CLANG_WARN_OBJC_IMPLICIT_RETAIN_SELF = YES;
				CLANG_WARN_OBJC_LITERAL_CONVERSION = YES;
				CLANG_WARN_OBJC_ROOT_CLASS = YES_ERROR;
				CLANG_WARN_QUOTED_INCLUDE_IN_FRAMEWORK_HEADER = YES;
				CLANG_WARN_RANGE_LOOP_ANALYSIS = YES;
				CLANG_WARN_STRICT_PROTOTYPES = YES;
				CLANG_WARN_SUSPICIOUS_MOVE = YES;
				CLANG_WARN_UNGUARDED_AVAILABILITY = YES_AGGRESSIVE;
				CLANG_WARN_UNREACHABLE_CODE = YES;
				CLANG_WARN__DUPLICATE_METHOD_MATCH = YES;
				COPY_PHASE_STRIP = NO;
				DEBUG_INFORMATION_FORMAT = dwarf;
				ENABLE_STRICT_OBJC_MSGSEND = YES;
				ENABLE_TESTABILITY = YES;
				GCC_C_LANGUAGE_STANDARD = gnu11;
				GCC_DYNAMIC_NO_PIC = NO;
				GCC_NO_COMMON_BLOCKS = YES;
				GCC_OPTIMIZATION_LEVEL = 0;
				GCC_PREPROCESSOR_DEFINITIONS = (
					"DEBUG=1",
					"$(inherited)",
				);
				GCC_WARN_64_TO_32_BIT_CONVERSION = YES;
				GCC_WARN_ABOUT_RETURN_TYPE = YES_ERROR;
				GCC_WARN_UNDECLARED_SELECTOR = YES;
				GCC_WARN_UNINITIALIZED_AUTOS = YES_AGGRESSIVE;
				GCC_WARN_UNUSED_FUNCTION = YES;
				GCC_WARN_UNUSED_VARIABLE = YES;
				IPHONEOS_DEPLOYMENT_TARGET = 14.5;
				MTL_ENABLE_DEBUG_INFO = INCLUDE_SOURCE;
				MTL_FAST_MATH = YES;
				ONLY_ACTIVE_ARCH = YES;
				SDKROOT = iphoneos;
				SWIFT_ACTIVE_COMPILATION_CONDITIONS = DEBUG;
				SWIFT_OPTIMIZATION_LEVEL = "-Onone";
			};
			name = Debug;
		};
		A808E13F264CAF36009381C3 /* Release */ = {
			isa = XCBuildConfiguration;
			buildSettings = {
				ALWAYS_SEARCH_USER_PATHS = NO;
				CLANG_ANALYZER_NONNULL = YES;
				CLANG_ANALYZER_NUMBER_OBJECT_CONVERSION = YES_AGGRESSIVE;
				CLANG_CXX_LANGUAGE_STANDARD = "gnu++14";
				CLANG_CXX_LIBRARY = "libc++";
				CLANG_ENABLE_MODULES = YES;
				CLANG_ENABLE_OBJC_ARC = YES;
				CLANG_ENABLE_OBJC_WEAK = YES;
				CLANG_WARN_BLOCK_CAPTURE_AUTORELEASING = YES;
				CLANG_WARN_BOOL_CONVERSION = YES;
				CLANG_WARN_COMMA = YES;
				CLANG_WARN_CONSTANT_CONVERSION = YES;
				CLANG_WARN_DEPRECATED_OBJC_IMPLEMENTATIONS = YES;
				CLANG_WARN_DIRECT_OBJC_ISA_USAGE = YES_ERROR;
				CLANG_WARN_DOCUMENTATION_COMMENTS = YES;
				CLANG_WARN_EMPTY_BODY = YES;
				CLANG_WARN_ENUM_CONVERSION = YES;
				CLANG_WARN_INFINITE_RECURSION = YES;
				CLANG_WARN_INT_CONVERSION = YES;
				CLANG_WARN_NON_LITERAL_NULL_CONVERSION = YES;
				CLANG_WARN_OBJC_IMPLICIT_RETAIN_SELF = YES;
				CLANG_WARN_OBJC_LITERAL_CONVERSION = YES;
				CLANG_WARN_OBJC_ROOT_CLASS = YES_ERROR;
				CLANG_WARN_QUOTED_INCLUDE_IN_FRAMEWORK_HEADER = YES;
				CLANG_WARN_RANGE_LOOP_ANALYSIS = YES;
				CLANG_WARN_STRICT_PROTOTYPES = YES;
				CLANG_WARN_SUSPICIOUS_MOVE = YES;
				CLANG_WARN_UNGUARDED_AVAILABILITY = YES_AGGRESSIVE;
				CLANG_WARN_UNREACHABLE_CODE = YES;
				CLANG_WARN__DUPLICATE_METHOD_MATCH = YES;
				COPY_PHASE_STRIP = NO;
				DEBUG_INFORMATION_FORMAT = "dwarf-with-dsym";
				ENABLE_NS_ASSERTIONS = NO;
				ENABLE_STRICT_OBJC_MSGSEND = YES;
				GCC_C_LANGUAGE_STANDARD = gnu11;
				GCC_NO_COMMON_BLOCKS = YES;
				GCC_WARN_64_TO_32_BIT_CONVERSION = YES;
				GCC_WARN_ABOUT_RETURN_TYPE = YES_ERROR;
				GCC_WARN_UNDECLARED_SELECTOR = YES;
				GCC_WARN_UNINITIALIZED_AUTOS = YES_AGGRESSIVE;
				GCC_WARN_UNUSED_FUNCTION = YES;
				GCC_WARN_UNUSED_VARIABLE = YES;
				IPHONEOS_DEPLOYMENT_TARGET = 14.5;
				MTL_ENABLE_DEBUG_INFO = NO;
				MTL_FAST_MATH = YES;
				SDKROOT = iphoneos;
				SWIFT_COMPILATION_MODE = wholemodule;
				SWIFT_OPTIMIZATION_LEVEL = "-O";
				VALIDATE_PRODUCT = YES;
			};
			name = Release;
		};
		A808E141264CAF36009381C3 /* Debug */ = {
			isa = XCBuildConfiguration;
			buildSettings = {
				ALWAYS_EMBED_SWIFT_STANDARD_LIBRARIES = YES;
				ASSETCATALOG_COMPILER_APPICON_NAME = AppIcon;
				ASSETCATALOG_COMPILER_GLOBAL_ACCENT_COLOR_NAME = AccentColor;
				CODE_SIGN_STYLE = Automatic;
				DEVELOPMENT_ASSET_PATHS = "\"WidgetBundleSample/Preview Content\"";
				ENABLE_PREVIEWS = YES;
				INFOPLIST_FILE = WidgetBundleSample/Info.plist;
				IPHONEOS_DEPLOYMENT_TARGET = 14.0;
				LD_RUNPATH_SEARCH_PATHS = (
					"$(inherited)",
					"@executable_path/Frameworks",
				);
				PRODUCT_BUNDLE_IDENTIFIER = biz.usk.WidgetBundleSample;
				PRODUCT_NAME = "$(TARGET_NAME)";
				SWIFT_VERSION = 5.0;
				TARGETED_DEVICE_FAMILY = "1,2";
			};
			name = Debug;
		};
		A808E142264CAF36009381C3 /* Release */ = {
			isa = XCBuildConfiguration;
			buildSettings = {
				ALWAYS_EMBED_SWIFT_STANDARD_LIBRARIES = YES;
				ASSETCATALOG_COMPILER_APPICON_NAME = AppIcon;
				ASSETCATALOG_COMPILER_GLOBAL_ACCENT_COLOR_NAME = AccentColor;
				CODE_SIGN_STYLE = Automatic;
				DEVELOPMENT_ASSET_PATHS = "\"WidgetBundleSample/Preview Content\"";
				ENABLE_PREVIEWS = YES;
				INFOPLIST_FILE = WidgetBundleSample/Info.plist;
				IPHONEOS_DEPLOYMENT_TARGET = 14.0;
				LD_RUNPATH_SEARCH_PATHS = (
					"$(inherited)",
					"@executable_path/Frameworks",
				);
				PRODUCT_BUNDLE_IDENTIFIER = biz.usk.WidgetBundleSample;
				PRODUCT_NAME = "$(TARGET_NAME)";
				SWIFT_VERSION = 5.0;
				TARGETED_DEVICE_FAMILY = "1,2";
			};
			name = Release;
		};
		A808E17E264CB04E009381C3 /* Debug */ = {
			isa = XCBuildConfiguration;
			buildSettings = {
				ASSETCATALOG_COMPILER_GLOBAL_ACCENT_COLOR_NAME = AccentColor;
				ASSETCATALOG_COMPILER_WIDGET_BACKGROUND_COLOR_NAME = WidgetBackground;
				CODE_SIGN_STYLE = Automatic;
				INFOPLIST_FILE = MyWidget/Info.plist;
				LD_RUNPATH_SEARCH_PATHS = (
					"$(inherited)",
					"@executable_path/Frameworks",
					"@executable_path/../../Frameworks",
				);
				PRODUCT_BUNDLE_IDENTIFIER = biz.usk.WidgetBundleSample.MyWidget;
				PRODUCT_NAME = "$(TARGET_NAME)";
				SKIP_INSTALL = YES;
				SWIFT_VERSION = 5.0;
				TARGETED_DEVICE_FAMILY = "1,2";
			};
			name = Debug;
		};
		A808E17F264CB04E009381C3 /* Release */ = {
			isa = XCBuildConfiguration;
			buildSettings = {
				ASSETCATALOG_COMPILER_GLOBAL_ACCENT_COLOR_NAME = AccentColor;
				ASSETCATALOG_COMPILER_WIDGET_BACKGROUND_COLOR_NAME = WidgetBackground;
				CODE_SIGN_STYLE = Automatic;
				INFOPLIST_FILE = MyWidget/Info.plist;
				LD_RUNPATH_SEARCH_PATHS = (
					"$(inherited)",
					"@executable_path/Frameworks",
					"@executable_path/../../Frameworks",
				);
				PRODUCT_BUNDLE_IDENTIFIER = biz.usk.WidgetBundleSample.MyWidget;
				PRODUCT_NAME = "$(TARGET_NAME)";
				SKIP_INSTALL = YES;
				SWIFT_VERSION = 5.0;
				TARGETED_DEVICE_FAMILY = "1,2";
			};
			name = Release;
		};
/* End XCBuildConfiguration section */

/* Begin XCConfigurationList section */
		A808E12C264CAF35009381C3 /* Build configuration list for PBXProject "WidgetBundleSample" */ = {
			isa = XCConfigurationList;
			buildConfigurations = (
				A808E13E264CAF36009381C3 /* Debug */,
				A808E13F264CAF36009381C3 /* Release */,
			);
			defaultConfigurationIsVisible = 0;
			defaultConfigurationName = Release;
		};
		A808E140264CAF36009381C3 /* Build configuration list for PBXNativeTarget "WidgetBundleSample" */ = {
			isa = XCConfigurationList;
			buildConfigurations = (
				A808E141264CAF36009381C3 /* Debug */,
				A808E142264CAF36009381C3 /* Release */,
			);
			defaultConfigurationIsVisible = 0;
			defaultConfigurationName = Release;
		};
		A808E17D264CB04E009381C3 /* Build configuration list for PBXNativeTarget "MyWidgetExtension" */ = {
			isa = XCConfigurationList;
			buildConfigurations = (
				A808E17E264CB04E009381C3 /* Debug */,
				A808E17F264CB04E009381C3 /* Release */,
			);
			defaultConfigurationIsVisible = 0;
			defaultConfigurationName = Release;
		};
/* End XCConfigurationList section */
	};
	rootObject = A808E129264CAF35009381C3 /* Project object */;
}
